// !$*UTF8*$!
{
	archiveVersion = 1;
	classes = {
	};
	objectVersion = 77;
	objects = {

/* Begin PBXBuildFile section */
		AFEFC15E2CC8339B0008863D /* RNTModalViewController.mm in Sources */ = {isa = PBXBuildFile; fileRef = AFEFC1552CC8339B0008863D /* RNTModalViewController.mm */; };
		AFEFC15F2CC8339B0008863D /* RNTModalView.mm in Sources */ = {isa = PBXBuildFile; fileRef = AFEFC1592CC8339B0008863D /* RNTModalView.mm */; };
		AFEFC1602CC8339B0008863D /* RNTModalShadowView.mm in Sources */ = {isa = PBXBuildFile; fileRef = AFEFC1522CC8339B0008863D /* RNTModalShadowView.mm */; };
		AFEFC1612CC8339B0008863D /* RNTModalViewManager.mm in Sources */ = {isa = PBXBuildFile; fileRef = AFEFC15B2CC8339B0008863D /* RNTModalViewManager.mm */; };
/* End PBXBuildFile section */

/* Begin PBXCopyFilesBuildPhase section */
		AF4377492CB59EF500334A86 /* CopyFiles */ = {
			isa = PBXCopyFilesBuildPhase;
			buildActionMask = 2147483647;
			dstPath = "include/$(PRODUCT_NAME)";
			dstSubfolderSpec = 16;
			files = (
			);
			runOnlyForDeploymentPostprocessing = 0;
		};
/* End PBXCopyFilesBuildPhase section */

/* Begin PBXFileReference section */
		AF4377602CB5A09D00334A86 /* RNTModal-Bridging-Header.h */ = {isa = PBXFileReference; lastKnownFileType = sourcecode.c.h; path = "RNTModal-Bridging-Header.h"; sourceTree = "<group>"; };
		AFEFC1352CC7F0140008863D /* libRNTModal.a */ = {isa = PBXFileReference; explicitFileType = archive.ar; includeInIndex = 0; path = libRNTModal.a; sourceTree = BUILT_PRODUCTS_DIR; };
		AFEFC1512CC8339B0008863D /* RNTModalShadowView.h */ = {isa = PBXFileReference; lastKnownFileType = sourcecode.c.h; path = RNTModalShadowView.h; sourceTree = "<group>"; };
		AFEFC1522CC8339B0008863D /* RNTModalShadowView.mm */ = {isa = PBXFileReference; lastKnownFileType = sourcecode.cpp.objcpp; path = RNTModalShadowView.mm; sourceTree = "<group>"; };
		AFEFC1542CC8339B0008863D /* RNTModalViewController.h */ = {isa = PBXFileReference; lastKnownFileType = sourcecode.c.h; path = RNTModalViewController.h; sourceTree = "<group>"; };
		AFEFC1552CC8339B0008863D /* RNTModalViewController.mm */ = {isa = PBXFileReference; lastKnownFileType = sourcecode.cpp.objcpp; path = RNTModalViewController.mm; sourceTree = "<group>"; };
		AFEFC1592CC8339B0008863D /* RNTModalView.mm */ = {isa = PBXFileReference; lastKnownFileType = sourcecode.cpp.objcpp; path = RNTModalView.mm; sourceTree = "<group>"; };
		AFEFC15A2CC8339B0008863D /* RNTModalVIew.h */ = {isa = PBXFileReference; lastKnownFileType = sourcecode.c.h; path = RNTModalVIew.h; sourceTree = "<group>"; };
		AFEFC15B2CC8339B0008863D /* RNTModalViewManager.mm */ = {isa = PBXFileReference; lastKnownFileType = sourcecode.cpp.objcpp; path = RNTModalViewManager.mm; sourceTree = "<group>"; };
/* End PBXFileReference section */

/* Begin PBXFrameworksBuildPhase section */
		AF4377482CB59EF500334A86 /* Frameworks */ = {
			isa = PBXFrameworksBuildPhase;
			buildActionMask = 2147483647;
			files = (
			);
			runOnlyForDeploymentPostprocessing = 0;
		};
/* End PBXFrameworksBuildPhase section */

/* Begin PBXGroup section */
		AF4377422CB59EF500334A86 = {
			isa = PBXGroup;
			children = (
				AFEFC1572CC8339B0008863D /* Library */,
				AFEFC1592CC8339B0008863D /* RNTModalView.mm */,
				AFEFC15A2CC8339B0008863D /* RNTModalVIew.h */,
				AFEFC15B2CC8339B0008863D /* RNTModalViewManager.mm */,
				AF4377602CB5A09D00334A86 /* RNTModal-Bridging-Header.h */,
				AFEFC1352CC7F0140008863D /* libRNTModal.a */,
			);
			sourceTree = "<group>";
		};
		AFEFC1532CC8339B0008863D /* RNTModalShadowView */ = {
			isa = PBXGroup;
			children = (
				AFEFC1512CC8339B0008863D /* RNTModalShadowView.h */,
				AFEFC1522CC8339B0008863D /* RNTModalShadowView.mm */,
			);
			path = RNTModalShadowView;
			sourceTree = "<group>";
		};
		AFEFC1562CC8339B0008863D /* RNTModalViewController */ = {
			isa = PBXGroup;
			children = (
				AFEFC1542CC8339B0008863D /* RNTModalViewController.h */,
				AFEFC1552CC8339B0008863D /* RNTModalViewController.mm */,
			);
			path = RNTModalViewController;
			sourceTree = "<group>";
		};
		AFEFC1572CC8339B0008863D /* Library */ = {
			isa = PBXGroup;
			children = (
				AFEFC1532CC8339B0008863D /* RNTModalShadowView */,
				AFEFC1562CC8339B0008863D /* RNTModalViewController */,
			);
			path = Library;
			sourceTree = "<group>";
		};
/* End PBXGroup section */

/* Begin PBXNativeTarget section */
		AF43774A2CB59EF500334A86 /* RNTModal */ = {
			isa = PBXNativeTarget;
			buildConfigurationList = AF4377522CB59EF500334A86 /* Build configuration list for PBXNativeTarget "RNTModal" */;
			buildPhases = (
				AF4377472CB59EF500334A86 /* Sources */,
				AF4377482CB59EF500334A86 /* Frameworks */,
				AF4377492CB59EF500334A86 /* CopyFiles */,
			);
			buildRules = (
			);
			dependencies = (
			);
			name = RNTModal;
			packageProductDependencies = (
			);
			productName = RNTModal;
			productReference = AFEFC1352CC7F0140008863D /* libRNTModal.a */;
			productType = "com.apple.product-type.library.static";
		};
/* End PBXNativeTarget section */

/* Begin PBXProject section */
		AF4377432CB59EF500334A86 /* Project object */ = {
			isa = PBXProject;
			attributes = {
				BuildIndependentTargetsInParallel = 1;
				LastSwiftUpdateCheck = 1600;
				LastUpgradeCheck = 1600;
				TargetAttributes = {
					AF43774A2CB59EF500334A86 = {
						CreatedOnToolsVersion = 16.0;
						LastSwiftMigration = 1600;
					};
				};
			};
			buildConfigurationList = AF4377462CB59EF500334A86 /* Build configuration list for PBXProject "RNTModal" */;
			developmentRegion = en;
			hasScannedForEncodings = 0;
			knownRegions = (
				en,
				Base,
			);
			mainGroup = AF4377422CB59EF500334A86;
			minimizedProjectReferenceProxies = 1;
			preferredProjectObjectVersion = 77;
			productRefGroup = AF4377422CB59EF500334A86;
			projectDirPath = "";
			projectRoot = "";
			targets = (
				AF43774A2CB59EF500334A86 /* RNTModal */,
			);
		};
/* End PBXProject section */

/* Begin PBXSourcesBuildPhase section */
		AF4377472CB59EF500334A86 /* Sources */ = {
			isa = PBXSourcesBuildPhase;
			buildActionMask = 2147483647;
			files = (
				AFEFC15E2CC8339B0008863D /* RNTModalViewController.mm in Sources */,
				AFEFC15F2CC8339B0008863D /* RNTModalView.mm in Sources */,
				AFEFC1602CC8339B0008863D /* RNTModalShadowView.mm in Sources */,
				AFEFC1612CC8339B0008863D /* RNTModalViewManager.mm in Sources */,
			);
			runOnlyForDeploymentPostprocessing = 0;
		};
/* End PBXSourcesBuildPhase section */

/* Begin XCBuildConfiguration section */
		AF4377502CB59EF500334A86 /* Debug */ = {
			isa = XCBuildConfiguration;
			buildSettings = {
				ALWAYS_SEARCH_USER_PATHS = NO;
				ASSETCATALOG_COMPILER_GENERATE_SWIFT_ASSET_SYMBOL_EXTENSIONS = YES;
				CLANG_ANALYZER_NONNULL = YES;
				CLANG_ANALYZER_NUMBER_OBJECT_CONVERSION = YES_AGGRESSIVE;
				CLANG_CXX_LANGUAGE_STANDARD = "gnu++20";
				CLANG_ENABLE_MODULES = YES;
				CLANG_ENABLE_OBJC_ARC = YES;
				CLANG_ENABLE_OBJC_WEAK = YES;
				CLANG_WARN_BLOCK_CAPTURE_AUTORELEASING = YES;
				CLANG_WARN_BOOL_CONVERSION = YES;
				CLANG_WARN_COMMA = YES;
				CLANG_WARN_CONSTANT_CONVERSION = YES;
				CLANG_WARN_DEPRECATED_OBJC_IMPLEMENTATIONS = YES;
				CLANG_WARN_DIRECT_OBJC_ISA_USAGE = YES_ERROR;
				CLANG_WARN_DOCUMENTATION_COMMENTS = YES;
				CLANG_WARN_EMPTY_BODY = YES;
				CLANG_WARN_ENUM_CONVERSION = YES;
				CLANG_WARN_INFINITE_RECURSION = YES;
				CLANG_WARN_INT_CONVERSION = YES;
				CLANG_WARN_NON_LITERAL_NULL_CONVERSION = YES;
				CLANG_WARN_OBJC_IMPLICIT_RETAIN_SELF = YES;
				CLANG_WARN_OBJC_LITERAL_CONVERSION = YES;
				CLANG_WARN_OBJC_ROOT_CLASS = YES_ERROR;
				CLANG_WARN_QUOTED_INCLUDE_IN_FRAMEWORK_HEADER = YES;
				CLANG_WARN_RANGE_LOOP_ANALYSIS = YES;
				CLANG_WARN_STRICT_PROTOTYPES = YES;
				CLANG_WARN_SUSPICIOUS_MOVE = YES;
				CLANG_WARN_UNGUARDED_AVAILABILITY = YES_AGGRESSIVE;
				CLANG_WARN_UNREACHABLE_CODE = YES;
				CLANG_WARN__DUPLICATE_METHOD_MATCH = YES;
				COPY_PHASE_STRIP = NO;
				DEBUG_INFORMATION_FORMAT = dwarf;
				ENABLE_STRICT_OBJC_MSGSEND = YES;
				ENABLE_TESTABILITY = YES;
				ENABLE_USER_SCRIPT_SANDBOXING = YES;
				GCC_C_LANGUAGE_STANDARD = gnu17;
				GCC_DYNAMIC_NO_PIC = NO;
				GCC_NO_COMMON_BLOCKS = YES;
				GCC_OPTIMIZATION_LEVEL = 0;
				GCC_PREPROCESSOR_DEFINITIONS = (
					"DEBUG=1",
					"$(inherited)",
				);
				GCC_WARN_64_TO_32_BIT_CONVERSION = YES;
				GCC_WARN_ABOUT_RETURN_TYPE = YES_ERROR;
				GCC_WARN_UNDECLARED_SELECTOR = YES;
				GCC_WARN_UNINITIALIZED_AUTOS = YES_AGGRESSIVE;
				GCC_WARN_UNUSED_FUNCTION = YES;
				GCC_WARN_UNUSED_VARIABLE = YES;
				IPHONEOS_DEPLOYMENT_TARGET = 18.0;
				LOCALIZATION_PREFERS_STRING_CATALOGS = YES;
				MTL_ENABLE_DEBUG_INFO = INCLUDE_SOURCE;
				MTL_FAST_MATH = YES;
				ONLY_ACTIVE_ARCH = YES;
				SDKROOT = iphoneos;
				SWIFT_ACTIVE_COMPILATION_CONDITIONS = "DEBUG $(inherited)";
				SWIFT_OPTIMIZATION_LEVEL = "-Onone";
			};
			name = Debug;
		};
		AF4377512CB59EF500334A86 /* Release */ = {
			isa = XCBuildConfiguration;
			buildSettings = {
				ALWAYS_SEARCH_USER_PATHS = NO;
				ASSETCATALOG_COMPILER_GENERATE_SWIFT_ASSET_SYMBOL_EXTENSIONS = YES;
				CLANG_ANALYZER_NONNULL = YES;
				CLANG_ANALYZER_NUMBER_OBJECT_CONVERSION = YES_AGGRESSIVE;
				CLANG_CXX_LANGUAGE_STANDARD = "gnu++20";
				CLANG_ENABLE_MODULES = YES;
				CLANG_ENABLE_OBJC_ARC = YES;
				CLANG_ENABLE_OBJC_WEAK = YES;
				CLANG_WARN_BLOCK_CAPTURE_AUTORELEASING = YES;
				CLANG_WARN_BOOL_CONVERSION = YES;
				CLANG_WARN_COMMA = YES;
				CLANG_WARN_CONSTANT_CONVERSION = YES;
				CLANG_WARN_DEPRECATED_OBJC_IMPLEMENTATIONS = YES;
				CLANG_WARN_DIRECT_OBJC_ISA_USAGE = YES_ERROR;
				CLANG_WARN_DOCUMENTATION_COMMENTS = YES;
				CLANG_WARN_EMPTY_BODY = YES;
				CLANG_WARN_ENUM_CONVERSION = YES;
				CLANG_WARN_INFINITE_RECURSION = YES;
				CLANG_WARN_INT_CONVERSION = YES;
				CLANG_WARN_NON_LITERAL_NULL_CONVERSION = YES;
				CLANG_WARN_OBJC_IMPLICIT_RETAIN_SELF = YES;
				CLANG_WARN_OBJC_LITERAL_CONVERSION = YES;
				CLANG_WARN_OBJC_ROOT_CLASS = YES_ERROR;
				CLANG_WARN_QUOTED_INCLUDE_IN_FRAMEWORK_HEADER = YES;
				CLANG_WARN_RANGE_LOOP_ANALYSIS = YES;
				CLANG_WARN_STRICT_PROTOTYPES = YES;
				CLANG_WARN_SUSPICIOUS_MOVE = YES;
				CLANG_WARN_UNGUARDED_AVAILABILITY = YES_AGGRESSIVE;
				CLANG_WARN_UNREACHABLE_CODE = YES;
				CLANG_WARN__DUPLICATE_METHOD_MATCH = YES;
				COPY_PHASE_STRIP = NO;
				DEBUG_INFORMATION_FORMAT = "dwarf-with-dsym";
				ENABLE_NS_ASSERTIONS = NO;
				ENABLE_STRICT_OBJC_MSGSEND = YES;
				ENABLE_USER_SCRIPT_SANDBOXING = YES;
				GCC_C_LANGUAGE_STANDARD = gnu17;
				GCC_NO_COMMON_BLOCKS = YES;
				GCC_WARN_64_TO_32_BIT_CONVERSION = YES;
				GCC_WARN_ABOUT_RETURN_TYPE = YES_ERROR;
				GCC_WARN_UNDECLARED_SELECTOR = YES;
				GCC_WARN_UNINITIALIZED_AUTOS = YES_AGGRESSIVE;
				GCC_WARN_UNUSED_FUNCTION = YES;
				GCC_WARN_UNUSED_VARIABLE = YES;
				IPHONEOS_DEPLOYMENT_TARGET = 18.0;
				LOCALIZATION_PREFERS_STRING_CATALOGS = YES;
				MTL_ENABLE_DEBUG_INFO = NO;
				MTL_FAST_MATH = YES;
				SDKROOT = iphoneos;
				SWIFT_COMPILATION_MODE = wholemodule;
				VALIDATE_PRODUCT = YES;
			};
			name = Release;
		};
		AF4377532CB59EF500334A86 /* Debug */ = {
			isa = XCBuildConfiguration;
			buildSettings = {
				CLANG_ENABLE_MODULES = YES;
				CODE_SIGN_STYLE = Automatic;
				DEVELOPMENT_TEAM = L3P4GUQGW3;
				OTHER_LDFLAGS = "-ObjC";
				PRODUCT_NAME = "$(TARGET_NAME)";
				SKIP_INSTALL = YES;
				SWIFT_OBJC_BRIDGING_HEADER = "RNTModal-Bridging-Header.h";
				SWIFT_OPTIMIZATION_LEVEL = "-Onone";
				SWIFT_VERSION = 5.0;
				TARGETED_DEVICE_FAMILY = "1,2";
			};
			name = Debug;
		};
		AF4377542CB59EF500334A86 /* Release */ = {
			isa = XCBuildConfiguration;
			buildSettings = {
				CLANG_ENABLE_MODULES = YES;
				CODE_SIGN_STYLE = Automatic;
				DEVELOPMENT_TEAM = L3P4GUQGW3;
				OTHER_LDFLAGS = "-ObjC";
				PRODUCT_NAME = "$(TARGET_NAME)";
				SKIP_INSTALL = YES;
				SWIFT_OBJC_BRIDGING_HEADER = "RNTModal-Bridging-Header.h";
				SWIFT_VERSION = 5.0;
				TARGETED_DEVICE_FAMILY = "1,2";
			};
			name = Release;
		};
/* End XCBuildConfiguration section */

/* Begin XCConfigurationList section */
		AF4377462CB59EF500334A86 /* Build configuration list for PBXProject "RNTModal" */ = {
			isa = XCConfigurationList;
			buildConfigurations = (
				AF4377502CB59EF500334A86 /* Debug */,
				AF4377512CB59EF500334A86 /* Release */,
			);
			defaultConfigurationIsVisible = 0;
			defaultConfigurationName = Release;
		};
		AF4377522CB59EF500334A86 /* Build configuration list for PBXNativeTarget "RNTModal" */ = {
			isa = XCConfigurationList;
			buildConfigurations = (
				AF4377532CB59EF500334A86 /* Debug */,
				AF4377542CB59EF500334A86 /* Release */,
			);
			defaultConfigurationIsVisible = 0;
			defaultConfigurationName = Release;
		};
/* End XCConfigurationList section */
	};
	rootObject = AF4377432CB59EF500334A86 /* Project object */;
}
